PODS:
  - Flutter (1.0.0)
  - flutter_share_go (0.0.1):
    - Flutter

DEPENDENCIES:
  - Flutter (from `.symlinks/flutter/ios`)
  - flutter_share_go (from `.symlinks/plugins/flutter_share_go/ios`)

EXTERNAL SOURCES:
  Flutter:
    :path: ".symlinks/flutter/ios"
  flutter_share_go:
    :path: ".symlinks/plugins/flutter_share_go/ios"

SPEC CHECKSUMS:
  Flutter: 58dd7d1b27887414a370fcccb9e645c08ffd7a6a
  flutter_share_go: 77308421a9aedc4ab29957eb38fb82680a1be223

PODFILE CHECKSUM: aff02bfeed411c636180d6812254b2daeea14d09

COCOAPODS: 1.6.1
